// !$*UTF8*$!
{
	archiveVersion = 1;
	classes = {
	};
	objectVersion = 46;
	objects = {

/* Begin PBXBuildFile section */
		9B37A7C31A8DDD1E00CFE9BA /* main.m in Sources */ = {isa = PBXBuildFile; fileRef = 9B37A7C21A8DDD1E00CFE9BA /* main.m */; };
		9B37A7C61A8DDD1E00CFE9BA /* AppDelegate.m in Sources */ = {isa = PBXBuildFile; fileRef = 9B37A7C51A8DDD1E00CFE9BA /* AppDelegate.m */; };
		9B37A7C91A8DDD1E00CFE9BA /* FirstViewController.m in Sources */ = {isa = PBXBuildFile; fileRef = 9B37A7C81A8DDD1E00CFE9BA /* FirstViewController.m */; };
		9B37A7CC1A8DDD1E00CFE9BA /* SecondViewController.m in Sources */ = {isa = PBXBuildFile; fileRef = 9B37A7CB1A8DDD1E00CFE9BA /* SecondViewController.m */; };
		9B37A7CF1A8DDD1E00CFE9BA /* Main.storyboard in Resources */ = {isa = PBXBuildFile; fileRef = 9B37A7CD1A8DDD1E00CFE9BA /* Main.storyboard */; };
		9B37A7D11A8DDD1E00CFE9BA /* Images.xcassets in Resources */ = {isa = PBXBuildFile; fileRef = 9B37A7D01A8DDD1E00CFE9BA /* Images.xcassets */; };
		9B37A7D41A8DDD1E00CFE9BA /* LaunchScreen.xib in Resources */ = {isa = PBXBuildFile; fileRef = 9B37A7D21A8DDD1E00CFE9BA /* LaunchScreen.xib */; };
		9B37A7E01A8DDD1E00CFE9BA /* WorldFlagProjectTests.m in Sources */ = {isa = PBXBuildFile; fileRef = 9B37A7DF1A8DDD1E00CFE9BA /* WorldFlagProjectTests.m */; };
/* End PBXBuildFile section */

/* Begin PBXContainerItemProxy section */
		9B37A7DA1A8DDD1E00CFE9BA /* PBXContainerItemProxy */ = {
			isa = PBXContainerItemProxy;
			containerPortal = 9B37A7B51A8DDD1E00CFE9BA /* Project object */;
			proxyType = 1;
			remoteGlobalIDString = 9B37A7BC1A8DDD1E00CFE9BA;
			remoteInfo = WorldFlagProject;
		};
/* End PBXContainerItemProxy section */

/* Begin PBXFileReference section */
		9B37A7BD1A8DDD1E00CFE9BA /* WorldFlagProject.app */ = {isa = PBXFileReference; explicitFileType = wrapper.application; includeInIndex = 0; path = WorldFlagProject.app; sourceTree = BUILT_PRODUCTS_DIR; };
		9B37A7C11A8DDD1E00CFE9BA /* Info.plist */ = {isa = PBXFileReference; lastKnownFileType = text.plist.xml; path = Info.plist; sourceTree = "<group>"; };
		9B37A7C21A8DDD1E00CFE9BA /* main.m */ = {isa = PBXFileReference; lastKnownFileType = sourcecode.c.objc; path = main.m; sourceTree = "<group>"; };
		9B37A7C41A8DDD1E00CFE9BA /* AppDelegate.h */ = {isa = PBXFileReference; lastKnownFileType = sourcecode.c.h; path = AppDelegate.h; sourceTree = "<group>"; };
		9B37A7C51A8DDD1E00CFE9BA /* AppDelegate.m */ = {isa = PBXFileReference; lastKnownFileType = sourcecode.c.objc; path = AppDelegate.m; sourceTree = "<group>"; };
		9B37A7C71A8DDD1E00CFE9BA /* FirstViewController.h */ = {isa = PBXFileReference; lastKnownFileType = sourcecode.c.h; path = FirstViewController.h; sourceTree = "<group>"; };
		9B37A7C81A8DDD1E00CFE9BA /* FirstViewController.m */ = {isa = PBXFileReference; lastKnownFileType = sourcecode.c.objc; path = FirstViewController.m; sourceTree = "<group>"; };
		9B37A7CA1A8DDD1E00CFE9BA /* SecondViewController.h */ = {isa = PBXFileReference; lastKnownFileType = sourcecode.c.h; path = SecondViewController.h; sourceTree = "<group>"; };
		9B37A7CB1A8DDD1E00CFE9BA /* SecondViewController.m */ = {isa = PBXFileReference; lastKnownFileType = sourcecode.c.objc; path = SecondViewController.m; sourceTree = "<group>"; };
		9B37A7CE1A8DDD1E00CFE9BA /* Base */ = {isa = PBXFileReference; lastKnownFileType = file.storyboard; name = Base; path = Base.lproj/Main.storyboard; sourceTree = "<group>"; };
		9B37A7D01A8DDD1E00CFE9BA /* Images.xcassets */ = {isa = PBXFileReference; lastKnownFileType = folder.assetcatalog; path = Images.xcassets; sourceTree = "<group>"; };
		9B37A7D31A8DDD1E00CFE9BA /* Base */ = {isa = PBXFileReference; lastKnownFileType = file.xib; name = Base; path = Base.lproj/LaunchScreen.xib; sourceTree = "<group>"; };
		9B37A7D91A8DDD1E00CFE9BA /* WorldFlagProjectTests.xctest */ = {isa = PBXFileReference; explicitFileType = wrapper.cfbundle; includeInIndex = 0; path = WorldFlagProjectTests.xctest; sourceTree = BUILT_PRODUCTS_DIR; };
		9B37A7DE1A8DDD1E00CFE9BA /* Info.plist */ = {isa = PBXFileReference; lastKnownFileType = text.plist.xml; path = Info.plist; sourceTree = "<group>"; };
		9B37A7DF1A8DDD1E00CFE9BA /* WorldFlagProjectTests.m */ = {isa = PBXFileReference; lastKnownFileType = sourcecode.c.objc; path = WorldFlagProjectTests.m; sourceTree = "<group>"; };
/* End PBXFileReference section */

/* Begin PBXFrameworksBuildPhase section */
		9B37A7BA1A8DDD1E00CFE9BA /* Frameworks */ = {
			isa = PBXFrameworksBuildPhase;
			buildActionMask = 2147483647;
			files = (
			);
			runOnlyForDeploymentPostprocessing = 0;
		};
		9B37A7D61A8DDD1E00CFE9BA /* Frameworks */ = {
			isa = PBXFrameworksBuildPhase;
			buildActionMask = 2147483647;
			files = (
			);
			runOnlyForDeploymentPostprocessing = 0;
		};
/* End PBXFrameworksBuildPhase section */

/* Begin PBXGroup section */
		9B37A7B41A8DDD1E00CFE9BA = {
			isa = PBXGroup;
			children = (
				9B37A7BF1A8DDD1E00CFE9BA /* WorldFlagProject */,
				9B37A7DC1A8DDD1E00CFE9BA /* WorldFlagProjectTests */,
				9B37A7BE1A8DDD1E00CFE9BA /* Products */,
			);
			sourceTree = "<group>";
		};
		9B37A7BE1A8DDD1E00CFE9BA /* Products */ = {
			isa = PBXGroup;
			children = (
				9B37A7BD1A8DDD1E00CFE9BA /* WorldFlagProject.app */,
				9B37A7D91A8DDD1E00CFE9BA /* WorldFlagProjectTests.xctest */,
			);
			name = Products;
			sourceTree = "<group>";
		};
		9B37A7BF1A8DDD1E00CFE9BA /* WorldFlagProject */ = {
			isa = PBXGroup;
			children = (
				9B37A7C41A8DDD1E00CFE9BA /* AppDelegate.h */,
				9B37A7C51A8DDD1E00CFE9BA /* AppDelegate.m */,
				9B37A7C71A8DDD1E00CFE9BA /* FirstViewController.h */,
				9B37A7C81A8DDD1E00CFE9BA /* FirstViewController.m */,
				9B37A7CA1A8DDD1E00CFE9BA /* SecondViewController.h */,
				9B37A7CB1A8DDD1E00CFE9BA /* SecondViewController.m */,
				9B37A7CD1A8DDD1E00CFE9BA /* Main.storyboard */,
				9B37A7D01A8DDD1E00CFE9BA /* Images.xcassets */,
				9B37A7D21A8DDD1E00CFE9BA /* LaunchScreen.xib */,
				9B37A7C01A8DDD1E00CFE9BA /* Supporting Files */,
			);
			path = WorldFlagProject;
			sourceTree = "<group>";
		};
		9B37A7C01A8DDD1E00CFE9BA /* Supporting Files */ = {
			isa = PBXGroup;
			children = (
				9B37A7C11A8DDD1E00CFE9BA /* Info.plist */,
				9B37A7C21A8DDD1E00CFE9BA /* main.m */,
			);
			name = "Supporting Files";
			sourceTree = "<group>";
		};
		9B37A7DC1A8DDD1E00CFE9BA /* WorldFlagProjectTests */ = {
			isa = PBXGroup;
			children = (
				9B37A7DF1A8DDD1E00CFE9BA /* WorldFlagProjectTests.m */,
				9B37A7DD1A8DDD1E00CFE9BA /* Supporting Files */,
			);
			path = WorldFlagProjectTests;
			sourceTree = "<group>";
		};
		9B37A7DD1A8DDD1E00CFE9BA /* Supporting Files */ = {
			isa = PBXGroup;
			children = (
				9B37A7DE1A8DDD1E00CFE9BA /* Info.plist */,
			);
			name = "Supporting Files";
			sourceTree = "<group>";
		};
/* End PBXGroup section */

/* Begin PBXNativeTarget section */
		9B37A7BC1A8DDD1E00CFE9BA /* WorldFlagProject */ = {
			isa = PBXNativeTarget;
			buildConfigurationList = 9B37A7E31A8DDD1E00CFE9BA /* Build configuration list for PBXNativeTarget "WorldFlagProject" */;
			buildPhases = (
				9B37A7B91A8DDD1E00CFE9BA /* Sources */,
				9B37A7BA1A8DDD1E00CFE9BA /* Frameworks */,
				9B37A7BB1A8DDD1E00CFE9BA /* Resources */,
			);
			buildRules = (
			);
			dependencies = (
			);
			name = WorldFlagProject;
			productName = WorldFlagProject;
			productReference = 9B37A7BD1A8DDD1E00CFE9BA /* WorldFlagProject.app */;
			productType = "com.apple.product-type.application";
		};
		9B37A7D81A8DDD1E00CFE9BA /* WorldFlagProjectTests */ = {
			isa = PBXNativeTarget;
			buildConfigurationList = 9B37A7E61A8DDD1E00CFE9BA /* Build configuration list for PBXNativeTarget "WorldFlagProjectTests" */;
			buildPhases = (
				9B37A7D51A8DDD1E00CFE9BA /* Sources */,
				9B37A7D61A8DDD1E00CFE9BA /* Frameworks */,
				9B37A7D71A8DDD1E00CFE9BA /* Resources */,
			);
			buildRules = (
			);
			dependencies = (
				9B37A7DB1A8DDD1E00CFE9BA /* PBXTargetDependency */,
			);
			name = WorldFlagProjectTests;
			productName = WorldFlagProjectTests;
			productReference = 9B37A7D91A8DDD1E00CFE9BA /* WorldFlagProjectTests.xctest */;
			productType = "com.apple.product-type.bundle.unit-test";
		};
/* End PBXNativeTarget section */

/* Begin PBXProject section */
		9B37A7B51A8DDD1E00CFE9BA /* Project object */ = {
			isa = PBXProject;
			attributes = {
				LastUpgradeCheck = 0610;
				ORGANIZATIONNAME = "Pranay Shah";
				TargetAttributes = {
					9B37A7BC1A8DDD1E00CFE9BA = {
						CreatedOnToolsVersion = 6.1.1;
					};
					9B37A7D81A8DDD1E00CFE9BA = {
						CreatedOnToolsVersion = 6.1.1;
						TestTargetID = 9B37A7BC1A8DDD1E00CFE9BA;
					};
				};
			};
			buildConfigurationList = 9B37A7B81A8DDD1E00CFE9BA /* Build configuration list for PBXProject "WorldFlagProject" */;
			compatibilityVersion = "Xcode 3.2";
			developmentRegion = English;
			hasScannedForEncodings = 0;
			knownRegions = (
				en,
				Base,
			);
			mainGroup = 9B37A7B41A8DDD1E00CFE9BA;
			productRefGroup = 9B37A7BE1A8DDD1E00CFE9BA /* Products */;
			projectDirPath = "";
			projectRoot = "";
			targets = (
				9B37A7BC1A8DDD1E00CFE9BA /* WorldFlagProject */,
				9B37A7D81A8DDD1E00CFE9BA /* WorldFlagProjectTests */,
			);
		};
/* End PBXProject section */

/* Begin PBXResourcesBuildPhase section */
		9B37A7BB1A8DDD1E00CFE9BA /* Resources */ = {
			isa = PBXResourcesBuildPhase;
			buildActionMask = 2147483647;
			files = (
				9B37A7CF1A8DDD1E00CFE9BA /* Main.storyboard in Resources */,
				9B37A7D41A8DDD1E00CFE9BA /* LaunchScreen.xib in Resources */,
				9B37A7D11A8DDD1E00CFE9BA /* Images.xcassets in Resources */,
			);
			runOnlyForDeploymentPostprocessing = 0;
		};
		9B37A7D71A8DDD1E00CFE9BA /* Resources */ = {
			isa = PBXResourcesBuildPhase;
			buildActionMask = 2147483647;
			files = (
			);
			runOnlyForDeploymentPostprocessing = 0;
		};
/* End PBXResourcesBuildPhase section */

/* Begin PBXSourcesBuildPhase section */
		9B37A7B91A8DDD1E00CFE9BA /* Sources */ = {
			isa = PBXSourcesBuildPhase;
			buildActionMask = 2147483647;
			files = (
				9B37A7CC1A8DDD1E00CFE9BA /* SecondViewController.m in Sources */,
				9B37A7C61A8DDD1E00CFE9BA /* AppDelegate.m in Sources */,
				9B37A7C91A8DDD1E00CFE9BA /* FirstViewController.m in Sources */,
				9B37A7C31A8DDD1E00CFE9BA /* main.m in Sources */,
			);
			runOnlyForDeploymentPostprocessing = 0;
		};
		9B37A7D51A8DDD1E00CFE9BA /* Sources */ = {
			isa = PBXSourcesBuildPhase;
			buildActionMask = 2147483647;
			files = (
				9B37A7E01A8DDD1E00CFE9BA /* WorldFlagProjectTests.m in Sources */,
			);
			runOnlyForDeploymentPostprocessing = 0;
		};
/* End PBXSourcesBuildPhase section */

/* Begin PBXTargetDependency section */
		9B37A7DB1A8DDD1E00CFE9BA /* PBXTargetDependency */ = {
			isa = PBXTargetDependency;
			target = 9B37A7BC1A8DDD1E00CFE9BA /* WorldFlagProject */;
			targetProxy = 9B37A7DA1A8DDD1E00CFE9BA /* PBXContainerItemProxy */;
		};
/* End PBXTargetDependency section */

/* Begin PBXVariantGroup section */
		9B37A7CD1A8DDD1E00CFE9BA /* Main.storyboard */ = {
			isa = PBXVariantGroup;
			children = (
				9B37A7CE1A8DDD1E00CFE9BA /* Base */,
			);
			name = Main.storyboard;
			sourceTree = "<group>";
		};
		9B37A7D21A8DDD1E00CFE9BA /* LaunchScreen.xib */ = {
			isa = PBXVariantGroup;
			children = (
				9B37A7D31A8DDD1E00CFE9BA /* Base */,
			);
			name = LaunchScreen.xib;
			sourceTree = "<group>";
		};
/* End PBXVariantGroup section */

/* Begin XCBuildConfiguration section */
		9B37A7E11A8DDD1E00CFE9BA /* Debug */ = {
			isa = XCBuildConfiguration;
			buildSettings = {
				ALWAYS_SEARCH_USER_PATHS = NO;
				CLANG_CXX_LANGUAGE_STANDARD = "gnu++0x";
				CLANG_CXX_LIBRARY = "libc++";
				CLANG_ENABLE_MODULES = YES;
				CLANG_ENABLE_OBJC_ARC = YES;
				CLANG_WARN_BOOL_CONVERSION = YES;
				CLANG_WARN_CONSTANT_CONVERSION = YES;
				CLANG_WARN_DIRECT_OBJC_ISA_USAGE = YES_ERROR;
				CLANG_WARN_EMPTY_BODY = YES;
				CLANG_WARN_ENUM_CONVERSION = YES;
				CLANG_WARN_INT_CONVERSION = YES;
				CLANG_WARN_OBJC_ROOT_CLASS = YES_ERROR;
				CLANG_WARN_UNREACHABLE_CODE = YES;
				CLANG_WARN__DUPLICATE_METHOD_MATCH = YES;
				"CODE_SIGN_IDENTITY[sdk=iphoneos*]" = "iPhone Developer";
				COPY_PHASE_STRIP = NO;
				ENABLE_STRICT_OBJC_MSGSEND = YES;
				GCC_C_LANGUAGE_STANDARD = gnu99;
				GCC_DYNAMIC_NO_PIC = NO;
				GCC_OPTIMIZATION_LEVEL = 0;
				GCC_PREPROCESSOR_DEFINITIONS = (
					"DEBUG=1",
					"$(inherited)",
				);
				GCC_SYMBOLS_PRIVATE_EXTERN = NO;
				GCC_WARN_64_TO_32_BIT_CONVERSION = YES;
				GCC_WARN_ABOUT_RETURN_TYPE = YES_ERROR;
				GCC_WARN_UNDECLARED_SELECTOR = YES;
				GCC_WARN_UNINITIALIZED_AUTOS = YES_AGGRESSIVE;
				GCC_WARN_UNUSED_FUNCTION = YES;
				GCC_WARN_UNUSED_VARIABLE = YES;
				IPHONEOS_DEPLOYMENT_TARGET = 8.1;
				MTL_ENABLE_DEBUG_INFO = YES;
				ONLY_ACTIVE_ARCH = YES;
				SDKROOT = iphoneos;
			};
			name = Debug;
		};
		9B37A7E21A8DDD1E00CFE9BA /* Release */ = {
			isa = XCBuildConfiguration;
			buildSettings = {
				ALWAYS_SEARCH_USER_PATHS = NO;
				CLANG_CXX_LANGUAGE_STANDARD = "gnu++0x";
				CLANG_CXX_LIBRARY = "libc++";
				CLANG_ENABLE_MODULES = YES;
				CLANG_ENABLE_OBJC_ARC = YES;
				CLANG_WARN_BOOL_CONVERSION = YES;
				CLANG_WARN_CONSTANT_CONVERSION = YES;
				CLANG_WARN_DIRECT_OBJC_ISA_USAGE = YES_ERROR;
				CLANG_WARN_EMPTY_BODY = YES;
				CLANG_WARN_ENUM_CONVERSION = YES;
				CLANG_WARN_INT_CONVERSION = YES;
				CLANG_WARN_OBJC_ROOT_CLASS = YES_ERROR;
				CLANG_WARN_UNREACHABLE_CODE = YES;
				CLANG_WARN__DUPLICATE_METHOD_MATCH = YES;
				"CODE_SIGN_IDENTITY[sdk=iphoneos*]" = "iPhone Developer";
				COPY_PHASE_STRIP = YES;
				ENABLE_NS_ASSERTIONS = NO;
				ENABLE_STRICT_OBJC_MSGSEND = YES;
				GCC_C_LANGUAGE_STANDARD = gnu99;
				GCC_WARN_64_TO_32_BIT_CONVERSION = YES;
				GCC_WARN_ABOUT_RETURN_TYPE = YES_ERROR;
				GCC_WARN_UNDECLARED_SELECTOR = YES;
				GCC_WARN_UNINITIALIZED_AUTOS = YES_AGGRESSIVE;
				GCC_WARN_UNUSED_FUNCTION = YES;
				GCC_WARN_UNUSED_VARIABLE = YES;
				IPHONEOS_DEPLOYMENT_TARGET = 8.1;
				MTL_ENABLE_DEBUG_INFO = NO;
				SDKROOT = iphoneos;
				VALIDATE_PRODUCT = YES;
			};
			name = Release;
		};
		9B37A7E41A8DDD1E00CFE9BA /* Debug */ = {
			isa = XCBuildConfiguration;
			buildSettings = {
				ASSETCATALOG_COMPILER_APPICON_NAME = AppIcon;
				INFOPLIST_FILE = WorldFlagProject/Info.plist;
				LD_RUNPATH_SEARCH_PATHS = "$(inherited) @executable_path/Frameworks";
				PRODUCT_NAME = "$(TARGET_NAME)";
			};
			name = Debug;
		};
		9B37A7E51A8DDD1E00CFE9BA /* Release */ = {
			isa = XCBuildConfiguration;
			buildSettings = {
				ASSETCATALOG_COMPILER_APPICON_NAME = AppIcon;
				INFOPLIST_FILE = WorldFlagProject/Info.plist;
				LD_RUNPATH_SEARCH_PATHS = "$(inherited) @executable_path/Frameworks";
				PRODUCT_NAME = "$(TARGET_NAME)";
			};
			name = Release;
		};
		9B37A7E71A8DDD1E00CFE9BA /* Debug */ = {
			isa = XCBuildConfiguration;
			buildSettings = {
				BUNDLE_LOADER = "$(TEST_HOST)";
				FRAMEWORK_SEARCH_PATHS = (
					"$(SDKROOT)/Developer/Library/Frameworks",
					"$(inherited)",
				);
				GCC_PREPROCESSOR_DEFINITIONS = (
					"DEBUG=1",
					"$(inherited)",
				);
				INFOPLIST_FILE = WorldFlagProjectTests/Info.plist;
				LD_RUNPATH_SEARCH_PATHS = "$(inherited) @executable_path/Frameworks @loader_path/Frameworks";
				PRODUCT_NAME = "$(TARGET_NAME)";
				TEST_HOST = "$(BUILT_PRODUCTS_DIR)/WorldFlagProject.app/WorldFlagProject";
			};
			name = Debug;
		};
		9B37A7E81A8DDD1E00CFE9BA /* Release */ = {
			isa = XCBuildConfiguration;
			buildSettings = {
				BUNDLE_LOADER = "$(TEST_HOST)";
				FRAMEWORK_SEARCH_PATHS = (
					"$(SDKROOT)/Developer/Library/Frameworks",
					"$(inherited)",
				);
				INFOPLIST_FILE = WorldFlagProjectTests/Info.plist;
				LD_RUNPATH_SEARCH_PATHS = "$(inherited) @executable_path/Frameworks @loader_path/Frameworks";
				PRODUCT_NAME = "$(TARGET_NAME)";
				TEST_HOST = "$(BUILT_PRODUCTS_DIR)/WorldFlagProject.app/WorldFlagProject";
			};
			name = Release;
		};
/* End XCBuildConfiguration section */

/* Begin XCConfigurationList section */
		9B37A7B81A8DDD1E00CFE9BA /* Build configuration list for PBXProject "WorldFlagProject" */ = {
			isa = XCConfigurationList;
			buildConfigurations = (
				9B37A7E11A8DDD1E00CFE9BA /* Debug */,
				9B37A7E21A8DDD1E00CFE9BA /* Release */,
			);
			defaultConfigurationIsVisible = 0;
			defaultConfigurationName = Release;
		};
		9B37A7E31A8DDD1E00CFE9BA /* Build configuration list for PBXNativeTarget "WorldFlagProject" */ = {
			isa = XCConfigurationList;
			buildConfigurations = (
				9B37A7E41A8DDD1E00CFE9BA /* Debug */,
				9B37A7E51A8DDD1E00CFE9BA /* Release */,
			);
			defaultConfigurationIsVisible = 0;
		};
		9B37A7E61A8DDD1E00CFE9BA /* Build configuration list for PBXNativeTarget "WorldFlagProjectTests" */ = {
			isa = XCConfigurationList;
			buildConfigurations = (
				9B37A7E71A8DDD1E00CFE9BA /* Debug */,
				9B37A7E81A8DDD1E00CFE9BA /* Release */,
			);
			defaultConfigurationIsVisible = 0;
		};
/* End XCConfigurationList section */
	};
	rootObject = 9B37A7B51A8DDD1E00CFE9BA /* Project object */;
}
